
Microsoft Visual Studio Solution File, Format Version 12.00
# Visual Studio Version 17
VisualStudioVersion = 17.14.36109.1 d17.14
MinimumVisualStudioVersion = 10.0.40219.1
Project("{FAE04EC0-301F-11D3-BF4B-00C04F79EFBC}") = "ProductManagement", "ProductManagement\ProductManagement.csproj", "{78F928EE-7435-4CAE-9A2E-AC8BD1E7322C}"
EndProject
Global
	GlobalSection(SolutionConfigurationPlatforms) = preSolution
		Debug|Any CPU = Debug|Any CPU
		Release|Any CPU = Release|Any CPU
	EndGlobalSection
	GlobalSection(ProjectConfigurationPlatforms) = postSolution
		{78F928EE-7435-4CAE-9A2E-AC8BD1E7322C}.Debug|Any CPU.ActiveCfg = Debug|Any CPU
		{78F928EE-7435-4CAE-9A2E-AC8BD1E7322C}.Debug|Any CPU.Build.0 = Debug|Any CPU
		{78F928EE-7435-4CAE-9A2E-AC8BD1E7322C}.Release|Any CPU.ActiveCfg = Release|Any CPU
		{78F928EE-7435-4CAE-9A2E-AC8BD1E7322C}.Release|Any CPU.Build.0 = Release|Any CPU
	EndGlobalSection
	GlobalSection(SolutionProperties) = preSolution
		HideSolutionNode = FALSE
	EndGlobalSection
	GlobalSection(ExtensibilityGlobals) = postSolution
		SolutionGuid = {2CEE9B65-1E74-4BBB-9D1D-8BDCE6296E0F}
	EndGlobalSection
EndGlobal
